
Microsoft Visual Studio Solution File, Format Version 12.00
# Visual Studio Version 17
VisualStudioVersion = 17.5.33516.290
MinimumVisualStudioVersion = 10.0.40219.1
Project("{9A19103F-16F7-4668-BE54-9A1E7A4F7556}") = "iData.Module", "iData.Module\iData.Module.csproj", "{9D51ECE7-BEF8-42C4-8B0B-D454A0154A21}"
EndProject
Project("{9A19103F-16F7-4668-BE54-9A1E7A4F7556}") = "iData.Blazor.Server", "iData.Blazor.Server\iData.Blazor.Server.csproj", "{26CFDC57-C390-4FB3-9DEB-179DC104089D}"
EndProject
Project("{9A19103F-16F7-4668-BE54-9A1E7A4F7556}") = "Roche.Common", "Roche.Common\Roche.Common.csproj", "{3622FBD2-C115-4AA5-8453-9293DBF03227}"
EndProject
Project("{9A19103F-16F7-4668-BE54-9A1E7A4F7556}") = "Roche.Common.Workflow", "Roche.Common.Workflow\Roche.Common.Workflow.csproj", "{49C2A198-B8A9-4FAB-9813-126C23E407B8}"
EndProject
Project("{9A19103F-16F7-4668-BE54-9A1E7A4F7556}") = "iData.Dp.ActivatedAsaps", "iData.Dp.ActivatedAsaps\iData.Dp.ActivatedAsaps.csproj", "{85BC8A6C-12A0-4FF1-88B0-1D90700236A9}"
EndProject
Project("{9A19103F-16F7-4668-BE54-9A1E7A4F7556}") = "iData.Dp.CompGov", "iData.Dp.CompGov\iData.Dp.CompGov.csproj", "{EE0441B5-9930-434C-AB10-85E734ABB45C}"
EndProject
Project("{E53339B2-1760-4266-BCC7-CA923CBCF16C}") = "docker-compose", "docker-compose.dcproj", "{8345E319-7271-4635-90D4-0BB5422E9036}"
EndProject
Project("{9A19103F-16F7-4668-BE54-9A1E7A4F7556}") = "iData.DPConsumerSamples", "iData.DPConsumerSamples\iData.DPConsumerSamples.csproj", "{53F86DBC-2916-44B3-9206-B33C51D247A3}"
EndProject
Project("{9A19103F-16F7-4668-BE54-9A1E7A4F7556}") = "iData.Dp.AsapRecords", "iData.Dp.AsapRecords\iData.Dp.AsapRecords.csproj", "{39C8A3F9-079E-4991-B0EC-F7DB51DC1E2E}"
EndProject
Project("{2150E333-8FDC-42A3-9474-1A3956D46DE8}") = "Solution Items", "Solution Items", "{7E842EB3-0332-46D8-A661-11897BA49495}"
	ProjectSection(SolutionItems) = preProject
		.editorconfig = .editorconfig
	EndProjectSection
EndProject
Global
	GlobalSection(SolutionConfigurationPlatforms) = preSolution
		Debug|Any CPU = Debug|Any CPU
		Debug|x86 = Debug|x86
		Dev|Any CPU = Dev|Any CPU
		Dev|x86 = Dev|x86
		EasyTest|Any CPU = EasyTest|Any CPU
		EasyTest|x86 = EasyTest|x86
		Prod|Any CPU = Prod|Any CPU
		Prod|x86 = Prod|x86
		Release|Any CPU = Release|Any CPU
		Release|x86 = Release|x86
		Test|Any CPU = Test|Any CPU
		Test|x86 = Test|x86
	EndGlobalSection
	GlobalSection(ProjectConfigurationPlatforms) = postSolution
		{9D51ECE7-BEF8-42C4-8B0B-D454A0154A21}.Debug|Any CPU.ActiveCfg = Debug|Any CPU
		{9D51ECE7-BEF8-42C4-8B0B-D454A0154A21}.Debug|Any CPU.Build.0 = Debug|Any CPU
		{9D51ECE7-BEF8-42C4-8B0B-D454A0154A21}.Debug|x86.ActiveCfg = Debug|Any CPU
		{9D51ECE7-BEF8-42C4-8B0B-D454A0154A21}.Debug|x86.Build.0 = Debug|Any CPU
		{9D51ECE7-BEF8-42C4-8B0B-D454A0154A21}.Dev|Any CPU.ActiveCfg = Debug|Any CPU
		{9D51ECE7-BEF8-42C4-8B0B-D454A0154A21}.Dev|Any CPU.Build.0 = Debug|Any CPU
		{9D51ECE7-BEF8-42C4-8B0B-D454A0154A21}.Dev|x86.ActiveCfg = Debug|Any CPU
		{9D51ECE7-BEF8-42C4-8B0B-D454A0154A21}.Dev|x86.Build.0 = Debug|Any CPU
		{9D51ECE7-BEF8-42C4-8B0B-D454A0154A21}.EasyTest|Any CPU.ActiveCfg = EasyTest|Any CPU
		{9D51ECE7-BEF8-42C4-8B0B-D454A0154A21}.EasyTest|Any CPU.Build.0 = EasyTest|Any CPU
		{9D51ECE7-BEF8-42C4-8B0B-D454A0154A21}.EasyTest|x86.ActiveCfg = EasyTest|Any CPU
		{9D51ECE7-BEF8-42C4-8B0B-D454A0154A21}.EasyTest|x86.Build.0 = EasyTest|Any CPU
		{9D51ECE7-BEF8-42C4-8B0B-D454A0154A21}.Prod|Any CPU.ActiveCfg = Release|Any CPU
		{9D51ECE7-BEF8-42C4-8B0B-D454A0154A21}.Prod|Any CPU.Build.0 = Release|Any CPU
		{9D51ECE7-BEF8-42C4-8B0B-D454A0154A21}.Prod|x86.ActiveCfg = Release|Any CPU
		{9D51ECE7-BEF8-42C4-8B0B-D454A0154A21}.Prod|x86.Build.0 = Release|Any CPU
		{9D51ECE7-BEF8-42C4-8B0B-D454A0154A21}.Release|Any CPU.ActiveCfg = Release|Any CPU
		{9D51ECE7-BEF8-42C4-8B0B-D454A0154A21}.Release|Any CPU.Build.0 = Release|Any CPU
		{9D51ECE7-BEF8-42C4-8B0B-D454A0154A21}.Release|x86.ActiveCfg = Release|Any CPU
		{9D51ECE7-BEF8-42C4-8B0B-D454A0154A21}.Release|x86.Build.0 = Release|Any CPU
		{9D51ECE7-BEF8-42C4-8B0B-D454A0154A21}.Test|Any CPU.ActiveCfg = EasyTest|Any CPU
		{9D51ECE7-BEF8-42C4-8B0B-D454A0154A21}.Test|Any CPU.Build.0 = EasyTest|Any CPU
		{9D51ECE7-BEF8-42C4-8B0B-D454A0154A21}.Test|x86.ActiveCfg = EasyTest|Any CPU
		{9D51ECE7-BEF8-42C4-8B0B-D454A0154A21}.Test|x86.Build.0 = EasyTest|Any CPU
		{26CFDC57-C390-4FB3-9DEB-179DC104089D}.Debug|Any CPU.ActiveCfg = Debug|Any CPU
		{26CFDC57-C390-4FB3-9DEB-179DC104089D}.Debug|Any CPU.Build.0 = Debug|Any CPU
		{26CFDC57-C390-4FB3-9DEB-179DC104089D}.Debug|x86.ActiveCfg = Debug|Any CPU
		{26CFDC57-C390-4FB3-9DEB-179DC104089D}.Debug|x86.Build.0 = Debug|Any CPU
		{26CFDC57-C390-4FB3-9DEB-179DC104089D}.Dev|Any CPU.ActiveCfg = Debug|Any CPU
		{26CFDC57-C390-4FB3-9DEB-179DC104089D}.Dev|Any CPU.Build.0 = Debug|Any CPU
		{26CFDC57-C390-4FB3-9DEB-179DC104089D}.Dev|x86.ActiveCfg = Debug|Any CPU
		{26CFDC57-C390-4FB3-9DEB-179DC104089D}.Dev|x86.Build.0 = Debug|Any CPU
		{26CFDC57-C390-4FB3-9DEB-179DC104089D}.EasyTest|Any CPU.ActiveCfg = EasyTest|Any CPU
		{26CFDC57-C390-4FB3-9DEB-179DC104089D}.EasyTest|Any CPU.Build.0 = EasyTest|Any CPU
		{26CFDC57-C390-4FB3-9DEB-179DC104089D}.EasyTest|x86.ActiveCfg = EasyTest|Any CPU
		{26CFDC57-C390-4FB3-9DEB-179DC104089D}.EasyTest|x86.Build.0 = EasyTest|Any CPU
		{26CFDC57-C390-4FB3-9DEB-179DC104089D}.Prod|Any CPU.ActiveCfg = Release|Any CPU
		{26CFDC57-C390-4FB3-9DEB-179DC104089D}.Prod|Any CPU.Build.0 = Release|Any CPU
		{26CFDC57-C390-4FB3-9DEB-179DC104089D}.Prod|x86.ActiveCfg = Release|Any CPU
		{26CFDC57-C390-4FB3-9DEB-179DC104089D}.Prod|x86.Build.0 = Release|Any CPU
		{26CFDC57-C390-4FB3-9DEB-179DC104089D}.Release|Any CPU.ActiveCfg = Release|Any CPU
		{26CFDC57-C390-4FB3-9DEB-179DC104089D}.Release|Any CPU.Build.0 = Release|Any CPU
		{26CFDC57-C390-4FB3-9DEB-179DC104089D}.Release|x86.ActiveCfg = Release|Any CPU
		{26CFDC57-C390-4FB3-9DEB-179DC104089D}.Release|x86.Build.0 = Release|Any CPU
		{26CFDC57-C390-4FB3-9DEB-179DC104089D}.Test|Any CPU.ActiveCfg = EasyTest|Any CPU
		{26CFDC57-C390-4FB3-9DEB-179DC104089D}.Test|Any CPU.Build.0 = EasyTest|Any CPU
		{26CFDC57-C390-4FB3-9DEB-179DC104089D}.Test|x86.ActiveCfg = EasyTest|Any CPU
		{26CFDC57-C390-4FB3-9DEB-179DC104089D}.Test|x86.Build.0 = EasyTest|Any CPU
		{3622FBD2-C115-4AA5-8453-9293DBF03227}.Debug|Any CPU.ActiveCfg = Debug|Any CPU
		{3622FBD2-C115-4AA5-8453-9293DBF03227}.Debug|Any CPU.Build.0 = Debug|Any CPU
		{3622FBD2-C115-4AA5-8453-9293DBF03227}.Debug|x86.ActiveCfg = Debug|Any CPU
		{3622FBD2-C115-4AA5-8453-9293DBF03227}.Debug|x86.Build.0 = Debug|Any CPU
		{3622FBD2-C115-4AA5-8453-9293DBF03227}.Dev|Any CPU.ActiveCfg = Debug|Any CPU
		{3622FBD2-C115-4AA5-8453-9293DBF03227}.Dev|Any CPU.Build.0 = Debug|Any CPU
		{3622FBD2-C115-4AA5-8453-9293DBF03227}.Dev|x86.ActiveCfg = Debug|Any CPU
		{3622FBD2-C115-4AA5-8453-9293DBF03227}.Dev|x86.Build.0 = Debug|Any CPU
		{3622FBD2-C115-4AA5-8453-9293DBF03227}.EasyTest|Any CPU.ActiveCfg = EasyTest|Any CPU
		{3622FBD2-C115-4AA5-8453-9293DBF03227}.EasyTest|Any CPU.Build.0 = EasyTest|Any CPU
		{3622FBD2-C115-4AA5-8453-9293DBF03227}.EasyTest|x86.ActiveCfg = EasyTest|Any CPU
		{3622FBD2-C115-4AA5-8453-9293DBF03227}.EasyTest|x86.Build.0 = EasyTest|Any CPU
		{3622FBD2-C115-4AA5-8453-9293DBF03227}.Prod|Any CPU.ActiveCfg = Debug|Any CPU
		{3622FBD2-C115-4AA5-8453-9293DBF03227}.Prod|Any CPU.Build.0 = Debug|Any CPU
		{3622FBD2-C115-4AA5-8453-9293DBF03227}.Prod|x86.ActiveCfg = Release|Any CPU
		{3622FBD2-C115-4AA5-8453-9293DBF03227}.Prod|x86.Build.0 = Release|Any CPU
		{3622FBD2-C115-4AA5-8453-9293DBF03227}.Release|Any CPU.ActiveCfg = Release|Any CPU
		{3622FBD2-C115-4AA5-8453-9293DBF03227}.Release|Any CPU.Build.0 = Release|Any CPU
		{3622FBD2-C115-4AA5-8453-9293DBF03227}.Release|x86.ActiveCfg = Release|Any CPU
		{3622FBD2-C115-4AA5-8453-9293DBF03227}.Release|x86.Build.0 = Release|Any CPU
		{3622FBD2-C115-4AA5-8453-9293DBF03227}.Test|Any CPU.ActiveCfg = EasyTest|Any CPU
		{3622FBD2-C115-4AA5-8453-9293DBF03227}.Test|Any CPU.Build.0 = EasyTest|Any CPU
		{3622FBD2-C115-4AA5-8453-9293DBF03227}.Test|x86.ActiveCfg = EasyTest|Any CPU
		{3622FBD2-C115-4AA5-8453-9293DBF03227}.Test|x86.Build.0 = EasyTest|Any CPU
		{49C2A198-B8A9-4FAB-9813-126C23E407B8}.Debug|Any CPU.ActiveCfg = Debug|Any CPU
		{49C2A198-B8A9-4FAB-9813-126C23E407B8}.Debug|Any CPU.Build.0 = Debug|Any CPU
		{49C2A198-B8A9-4FAB-9813-126C23E407B8}.Debug|x86.ActiveCfg = Debug|Any CPU
		{49C2A198-B8A9-4FAB-9813-126C23E407B8}.Debug|x86.Build.0 = Debug|Any CPU
		{49C2A198-B8A9-4FAB-9813-126C23E407B8}.Dev|Any CPU.ActiveCfg = Debug|Any CPU
		{49C2A198-B8A9-4FAB-9813-126C23E407B8}.Dev|Any CPU.Build.0 = Debug|Any CPU
		{49C2A198-B8A9-4FAB-9813-126C23E407B8}.Dev|x86.ActiveCfg = Debug|Any CPU
		{49C2A198-B8A9-4FAB-9813-126C23E407B8}.Dev|x86.Build.0 = Debug|Any CPU
		{49C2A198-B8A9-4FAB-9813-126C23E407B8}.EasyTest|Any CPU.ActiveCfg = EasyTest|Any CPU
		{49C2A198-B8A9-4FAB-9813-126C23E407B8}.EasyTest|Any CPU.Build.0 = EasyTest|Any CPU
		{49C2A198-B8A9-4FAB-9813-126C23E407B8}.EasyTest|x86.ActiveCfg = EasyTest|Any CPU
		{49C2A198-B8A9-4FAB-9813-126C23E407B8}.EasyTest|x86.Build.0 = EasyTest|Any CPU
		{49C2A198-B8A9-4FAB-9813-126C23E407B8}.Prod|Any CPU.ActiveCfg = Debug|Any CPU
		{49C2A198-B8A9-4FAB-9813-126C23E407B8}.Prod|Any CPU.Build.0 = Debug|Any CPU
		{49C2A198-B8A9-4FAB-9813-126C23E407B8}.Prod|x86.ActiveCfg = Release|Any CPU
		{49C2A198-B8A9-4FAB-9813-126C23E407B8}.Prod|x86.Build.0 = Release|Any CPU
		{49C2A198-B8A9-4FAB-9813-126C23E407B8}.Release|Any CPU.ActiveCfg = Release|Any CPU
		{49C2A198-B8A9-4FAB-9813-126C23E407B8}.Release|Any CPU.Build.0 = Release|Any CPU
		{49C2A198-B8A9-4FAB-9813-126C23E407B8}.Release|x86.ActiveCfg = Release|Any CPU
		{49C2A198-B8A9-4FAB-9813-126C23E407B8}.Release|x86.Build.0 = Release|Any CPU
		{49C2A198-B8A9-4FAB-9813-126C23E407B8}.Test|Any CPU.ActiveCfg = EasyTest|Any CPU
		{49C2A198-B8A9-4FAB-9813-126C23E407B8}.Test|Any CPU.Build.0 = EasyTest|Any CPU
		{49C2A198-B8A9-4FAB-9813-126C23E407B8}.Test|x86.ActiveCfg = EasyTest|Any CPU
		{49C2A198-B8A9-4FAB-9813-126C23E407B8}.Test|x86.Build.0 = EasyTest|Any CPU
		{85BC8A6C-12A0-4FF1-88B0-1D90700236A9}.Debug|Any CPU.ActiveCfg = Debug|Any CPU
		{85BC8A6C-12A0-4FF1-88B0-1D90700236A9}.Debug|Any CPU.Build.0 = Debug|Any CPU
		{85BC8A6C-12A0-4FF1-88B0-1D90700236A9}.Debug|x86.ActiveCfg = Debug|Any CPU
		{85BC8A6C-12A0-4FF1-88B0-1D90700236A9}.Debug|x86.Build.0 = Debug|Any CPU
		{85BC8A6C-12A0-4FF1-88B0-1D90700236A9}.Dev|Any CPU.ActiveCfg = Debug|Any CPU
		{85BC8A6C-12A0-4FF1-88B0-1D90700236A9}.Dev|Any CPU.Build.0 = Debug|Any CPU
		{85BC8A6C-12A0-4FF1-88B0-1D90700236A9}.Dev|x86.ActiveCfg = Debug|Any CPU
		{85BC8A6C-12A0-4FF1-88B0-1D90700236A9}.Dev|x86.Build.0 = Debug|Any CPU
		{85BC8A6C-12A0-4FF1-88B0-1D90700236A9}.EasyTest|Any CPU.ActiveCfg = EasyTest|Any CPU
		{85BC8A6C-12A0-4FF1-88B0-1D90700236A9}.EasyTest|Any CPU.Build.0 = EasyTest|Any CPU
		{85BC8A6C-12A0-4FF1-88B0-1D90700236A9}.EasyTest|x86.ActiveCfg = EasyTest|Any CPU
		{85BC8A6C-12A0-4FF1-88B0-1D90700236A9}.EasyTest|x86.Build.0 = EasyTest|Any CPU
		{85BC8A6C-12A0-4FF1-88B0-1D90700236A9}.Prod|Any CPU.ActiveCfg = Debug|Any CPU
		{85BC8A6C-12A0-4FF1-88B0-1D90700236A9}.Prod|Any CPU.Build.0 = Debug|Any CPU
		{85BC8A6C-12A0-4FF1-88B0-1D90700236A9}.Prod|x86.ActiveCfg = Debug|Any CPU
		{85BC8A6C-12A0-4FF1-88B0-1D90700236A9}.Prod|x86.Build.0 = Debug|Any CPU
		{85BC8A6C-12A0-4FF1-88B0-1D90700236A9}.Release|Any CPU.ActiveCfg = Release|Any CPU
		{85BC8A6C-12A0-4FF1-88B0-1D90700236A9}.Release|Any CPU.Build.0 = Release|Any CPU
		{85BC8A6C-12A0-4FF1-88B0-1D90700236A9}.Release|x86.ActiveCfg = Release|Any CPU
		{85BC8A6C-12A0-4FF1-88B0-1D90700236A9}.Release|x86.Build.0 = Release|Any CPU
		{85BC8A6C-12A0-4FF1-88B0-1D90700236A9}.Test|Any CPU.ActiveCfg = EasyTest|Any CPU
		{85BC8A6C-12A0-4FF1-88B0-1D90700236A9}.Test|Any CPU.Build.0 = EasyTest|Any CPU
		{85BC8A6C-12A0-4FF1-88B0-1D90700236A9}.Test|x86.ActiveCfg = EasyTest|Any CPU
		{85BC8A6C-12A0-4FF1-88B0-1D90700236A9}.Test|x86.Build.0 = EasyTest|Any CPU
		{EE0441B5-9930-434C-AB10-85E734ABB45C}.Debug|Any CPU.ActiveCfg = Debug|Any CPU
		{EE0441B5-9930-434C-AB10-85E734ABB45C}.Debug|Any CPU.Build.0 = Debug|Any CPU
		{EE0441B5-9930-434C-AB10-85E734ABB45C}.Debug|x86.ActiveCfg = Debug|Any CPU
		{EE0441B5-9930-434C-AB10-85E734ABB45C}.Debug|x86.Build.0 = Debug|Any CPU
		{EE0441B5-9930-434C-AB10-85E734ABB45C}.Dev|Any CPU.ActiveCfg = Debug|Any CPU
		{EE0441B5-9930-434C-AB10-85E734ABB45C}.Dev|Any CPU.Build.0 = Debug|Any CPU
		{EE0441B5-9930-434C-AB10-85E734ABB45C}.Dev|x86.ActiveCfg = Debug|Any CPU
		{EE0441B5-9930-434C-AB10-85E734ABB45C}.Dev|x86.Build.0 = Debug|Any CPU
		{EE0441B5-9930-434C-AB10-85E734ABB45C}.EasyTest|Any CPU.ActiveCfg = EasyTest|Any CPU
		{EE0441B5-9930-434C-AB10-85E734ABB45C}.EasyTest|Any CPU.Build.0 = EasyTest|Any CPU
		{EE0441B5-9930-434C-AB10-85E734ABB45C}.EasyTest|x86.ActiveCfg = EasyTest|Any CPU
		{EE0441B5-9930-434C-AB10-85E734ABB45C}.EasyTest|x86.Build.0 = EasyTest|Any CPU
		{EE0441B5-9930-434C-AB10-85E734ABB45C}.Prod|Any CPU.ActiveCfg = Debug|Any CPU
		{EE0441B5-9930-434C-AB10-85E734ABB45C}.Prod|Any CPU.Build.0 = Debug|Any CPU
		{EE0441B5-9930-434C-AB10-85E734ABB45C}.Prod|x86.ActiveCfg = Debug|Any CPU
		{EE0441B5-9930-434C-AB10-85E734ABB45C}.Prod|x86.Build.0 = Debug|Any CPU
		{EE0441B5-9930-434C-AB10-85E734ABB45C}.Release|Any CPU.ActiveCfg = Release|Any CPU
		{EE0441B5-9930-434C-AB10-85E734ABB45C}.Release|Any CPU.Build.0 = Release|Any CPU
		{EE0441B5-9930-434C-AB10-85E734ABB45C}.Release|x86.ActiveCfg = Release|Any CPU
		{EE0441B5-9930-434C-AB10-85E734ABB45C}.Release|x86.Build.0 = Release|Any CPU
		{EE0441B5-9930-434C-AB10-85E734ABB45C}.Test|Any CPU.ActiveCfg = EasyTest|Any CPU
		{EE0441B5-9930-434C-AB10-85E734ABB45C}.Test|Any CPU.Build.0 = EasyTest|Any CPU
		{EE0441B5-9930-434C-AB10-85E734ABB45C}.Test|x86.ActiveCfg = EasyTest|Any CPU
		{EE0441B5-9930-434C-AB10-85E734ABB45C}.Test|x86.Build.0 = EasyTest|Any CPU
		{8345E319-7271-4635-90D4-0BB5422E9036}.Debug|Any CPU.ActiveCfg = Debug|Any CPU
		{8345E319-7271-4635-90D4-0BB5422E9036}.Debug|Any CPU.Build.0 = Debug|Any CPU
		{8345E319-7271-4635-90D4-0BB5422E9036}.Debug|x86.ActiveCfg = Debug|Any CPU
		{8345E319-7271-4635-90D4-0BB5422E9036}.Debug|x86.Build.0 = Debug|Any CPU
		{8345E319-7271-4635-90D4-0BB5422E9036}.Dev|Any CPU.ActiveCfg = Debug|Any CPU
		{8345E319-7271-4635-90D4-0BB5422E9036}.Dev|Any CPU.Build.0 = Debug|Any CPU
		{8345E319-7271-4635-90D4-0BB5422E9036}.Dev|x86.ActiveCfg = Debug|Any CPU
		{8345E319-7271-4635-90D4-0BB5422E9036}.Dev|x86.Build.0 = Debug|Any CPU
		{8345E319-7271-4635-90D4-0BB5422E9036}.EasyTest|Any CPU.ActiveCfg = Release|Any CPU
		{8345E319-7271-4635-90D4-0BB5422E9036}.EasyTest|Any CPU.Build.0 = Release|Any CPU
		{8345E319-7271-4635-90D4-0BB5422E9036}.EasyTest|x86.ActiveCfg = Release|Any CPU
		{8345E319-7271-4635-90D4-0BB5422E9036}.EasyTest|x86.Build.0 = Release|Any CPU
		{8345E319-7271-4635-90D4-0BB5422E9036}.Prod|Any CPU.ActiveCfg = Release|Any CPU
		{8345E319-7271-4635-90D4-0BB5422E9036}.Prod|Any CPU.Build.0 = Release|Any CPU
		{8345E319-7271-4635-90D4-0BB5422E9036}.Prod|x86.ActiveCfg = Release|Any CPU
		{8345E319-7271-4635-90D4-0BB5422E9036}.Prod|x86.Build.0 = Release|Any CPU
		{8345E319-7271-4635-90D4-0BB5422E9036}.Release|Any CPU.ActiveCfg = Release|Any CPU
		{8345E319-7271-4635-90D4-0BB5422E9036}.Release|Any CPU.Build.0 = Release|Any CPU
		{8345E319-7271-4635-90D4-0BB5422E9036}.Release|x86.ActiveCfg = Release|Any CPU
		{8345E319-7271-4635-90D4-0BB5422E9036}.Release|x86.Build.0 = Release|Any CPU
		{8345E319-7271-4635-90D4-0BB5422E9036}.Test|Any CPU.ActiveCfg = Release|Any CPU
		{8345E319-7271-4635-90D4-0BB5422E9036}.Test|Any CPU.Build.0 = Release|Any CPU
		{8345E319-7271-4635-90D4-0BB5422E9036}.Test|x86.ActiveCfg = Release|Any CPU
		{8345E319-7271-4635-90D4-0BB5422E9036}.Test|x86.Build.0 = Release|Any CPU
		{53F86DBC-2916-44B3-9206-B33C51D247A3}.Debug|Any CPU.ActiveCfg = Debug|Any CPU
		{53F86DBC-2916-44B3-9206-B33C51D247A3}.Debug|Any CPU.Build.0 = Debug|Any CPU
		{53F86DBC-2916-44B3-9206-B33C51D247A3}.Debug|x86.ActiveCfg = Debug|Any CPU
		{53F86DBC-2916-44B3-9206-B33C51D247A3}.Debug|x86.Build.0 = Debug|Any CPU
		{53F86DBC-2916-44B3-9206-B33C51D247A3}.Dev|Any CPU.ActiveCfg = Debug|Any CPU
		{53F86DBC-2916-44B3-9206-B33C51D247A3}.Dev|Any CPU.Build.0 = Debug|Any CPU
		{53F86DBC-2916-44B3-9206-B33C51D247A3}.Dev|x86.ActiveCfg = Debug|Any CPU
		{53F86DBC-2916-44B3-9206-B33C51D247A3}.Dev|x86.Build.0 = Debug|Any CPU
		{53F86DBC-2916-44B3-9206-B33C51D247A3}.EasyTest|Any CPU.ActiveCfg = Debug|Any CPU
		{53F86DBC-2916-44B3-9206-B33C51D247A3}.EasyTest|Any CPU.Build.0 = Debug|Any CPU
		{53F86DBC-2916-44B3-9206-B33C51D247A3}.EasyTest|x86.ActiveCfg = Debug|Any CPU
		{53F86DBC-2916-44B3-9206-B33C51D247A3}.EasyTest|x86.Build.0 = Debug|Any CPU
		{53F86DBC-2916-44B3-9206-B33C51D247A3}.Prod|Any CPU.ActiveCfg = Debug|Any CPU
		{53F86DBC-2916-44B3-9206-B33C51D247A3}.Prod|Any CPU.Build.0 = Debug|Any CPU
		{53F86DBC-2916-44B3-9206-B33C51D247A3}.Prod|x86.ActiveCfg = Debug|Any CPU
		{53F86DBC-2916-44B3-9206-B33C51D247A3}.Prod|x86.Build.0 = Debug|Any CPU
		{53F86DBC-2916-44B3-9206-B33C51D247A3}.Release|Any CPU.ActiveCfg = Release|Any CPU
		{53F86DBC-2916-44B3-9206-B33C51D247A3}.Release|Any CPU.Build.0 = Release|Any CPU
		{53F86DBC-2916-44B3-9206-B33C51D247A3}.Release|x86.ActiveCfg = Release|Any CPU
		{53F86DBC-2916-44B3-9206-B33C51D247A3}.Release|x86.Build.0 = Release|Any CPU
		{53F86DBC-2916-44B3-9206-B33C51D247A3}.Test|Any CPU.ActiveCfg = Debug|Any CPU
		{53F86DBC-2916-44B3-9206-B33C51D247A3}.Test|Any CPU.Build.0 = Debug|Any CPU
		{53F86DBC-2916-44B3-9206-B33C51D247A3}.Test|x86.ActiveCfg = Debug|Any CPU
		{53F86DBC-2916-44B3-9206-B33C51D247A3}.Test|x86.Build.0 = Debug|Any CPU
		{39C8A3F9-079E-4991-B0EC-F7DB51DC1E2E}.Debug|Any CPU.ActiveCfg = Debug|Any CPU
		{39C8A3F9-079E-4991-B0EC-F7DB51DC1E2E}.Debug|Any CPU.Build.0 = Debug|Any CPU
		{39C8A3F9-079E-4991-B0EC-F7DB51DC1E2E}.Debug|x86.ActiveCfg = Debug|Any CPU
		{39C8A3F9-079E-4991-B0EC-F7DB51DC1E2E}.Debug|x86.Build.0 = Debug|Any CPU
		{39C8A3F9-079E-4991-B0EC-F7DB51DC1E2E}.Dev|Any CPU.ActiveCfg = Debug|Any CPU
		{39C8A3F9-079E-4991-B0EC-F7DB51DC1E2E}.Dev|Any CPU.Build.0 = Debug|Any CPU
		{39C8A3F9-079E-4991-B0EC-F7DB51DC1E2E}.Dev|x86.ActiveCfg = Debug|Any CPU
		{39C8A3F9-079E-4991-B0EC-F7DB51DC1E2E}.Dev|x86.Build.0 = Debug|Any CPU
		{39C8A3F9-079E-4991-B0EC-F7DB51DC1E2E}.EasyTest|Any CPU.ActiveCfg = EasyTest|Any CPU
		{39C8A3F9-079E-4991-B0EC-F7DB51DC1E2E}.EasyTest|Any CPU.Build.0 = EasyTest|Any CPU
		{39C8A3F9-079E-4991-B0EC-F7DB51DC1E2E}.EasyTest|x86.ActiveCfg = EasyTest|Any CPU
		{39C8A3F9-079E-4991-B0EC-F7DB51DC1E2E}.EasyTest|x86.Build.0 = EasyTest|Any CPU
		{39C8A3F9-079E-4991-B0EC-F7DB51DC1E2E}.Prod|Any CPU.ActiveCfg = Debug|Any CPU
		{39C8A3F9-079E-4991-B0EC-F7DB51DC1E2E}.Prod|Any CPU.Build.0 = Debug|Any CPU
		{39C8A3F9-079E-4991-B0EC-F7DB51DC1E2E}.Prod|x86.ActiveCfg = Debug|Any CPU
		{39C8A3F9-079E-4991-B0EC-F7DB51DC1E2E}.Prod|x86.Build.0 = Debug|Any CPU
		{39C8A3F9-079E-4991-B0EC-F7DB51DC1E2E}.Release|Any CPU.ActiveCfg = Release|Any CPU
		{39C8A3F9-079E-4991-B0EC-F7DB51DC1E2E}.Release|Any CPU.Build.0 = Release|Any CPU
		{39C8A3F9-079E-4991-B0EC-F7DB51DC1E2E}.Release|x86.ActiveCfg = Release|Any CPU
		{39C8A3F9-079E-4991-B0EC-F7DB51DC1E2E}.Release|x86.Build.0 = Release|Any CPU
		{39C8A3F9-079E-4991-B0EC-F7DB51DC1E2E}.Test|Any CPU.ActiveCfg = EasyTest|Any CPU
		{39C8A3F9-079E-4991-B0EC-F7DB51DC1E2E}.Test|Any CPU.Build.0 = EasyTest|Any CPU
		{39C8A3F9-079E-4991-B0EC-F7DB51DC1E2E}.Test|x86.ActiveCfg = EasyTest|Any CPU
		{39C8A3F9-079E-4991-B0EC-F7DB51DC1E2E}.Test|x86.Build.0 = EasyTest|Any CPU
	EndGlobalSection
	GlobalSection(SolutionProperties) = preSolution
		HideSolutionNode = FALSE
	EndGlobalSection
	GlobalSection(ExtensibilityGlobals) = postSolution
		SolutionGuid = {BF85806D-5413-4A53-A39F-B7E2FDC81E02}
	EndGlobalSection
EndGlobal
